<Solution>
  <Configurations>
    <Platform Name="ARM" />
    <Platform Name="ARM64" />
    <Platform Name="x64" />
    <Platform Name="x86" />
  </Configurations>
  <Project Path="sudo.vcxproj" Id="db8445e4-8e2c-4731-82e2-3c7205a5bd4d" />
  <Project Path="superUser.vcxproj" Id="9093f045-179c-4896-9d04-edbe7e883178" />
  <Project Path="superUserW.vcxproj" Id="12f999d3-56d3-4049-8587-a3b5d7bd3a44" />
</Solution>
